preprocess:
  cmd: python -m spacy run preprocess
  script:
    - mkdir -p corpus/UD_Akkadian
    - python -m spacy convert assets/UD_Akkadian/train  corpus/UD_Akkadian/train --n-sents
      4 --converter conllu --merge-subtokens
    - python -m spacy convert  assets/UD_Akkadian/dev corpus/UD_Akkadian/dev --n-sents
      4 --converter conllu --merge-subtokens
    - python -m spacy convert  assets/UD_Akkadian/test corpus/UD_Akkadian/test --n-sents
      4 --converter conllu --merge-subtokens
  deps:
    - path: assets/UD_Akkadian/train
      md5: 4f0fe9bcef939a2a302ce8ee38fd2e8c
    - path: assets/UD_Akkadian/dev
      md5: 1ad343b26347f59241b3a7946dd23e13
    - path: assets/UD_Akkadian/test
      md5: 8cecca1b4776cdab205920b8b4e00199
  outs:
    - path: corpus/UD_Akkadian/train
      md5: 7f3a4f67310b0cf60651400799d3d2c0
    - path: corpus/UD_Akkadian/dev
      md5: 5d49b131608675af2a4d5f5f195b8643
    - path: corpus/UD_Akkadian/test
      md5: ab4aa16410fb39742dd90b222aa92c0d
  spacy_version: 3.4.4
  spacy_git_version: 77833bfef
train:
  cmd: python -m spacy run train
  script:
    - python -m spacy train  configs/combined_lemmatizers_suff.cfg --output training/UD_Akkadian
      --gpu-id -1  --paths.train corpus/UD_Akkadian/train  --paths.dev corpus/UD_Akkadian/dev  --nlp.lang=ak
  deps:
    - path: corpus/UD_Akkadian/train
      md5: 19c8371b9b942ad40444c647e4893f2d
    - path: corpus/UD_Akkadian/dev
      md5: 8a2430288d5e91753b4e318754792e8f
    - path: configs/combined_lemmatizers_suff.cfg
      md5: a85a53f64c1cfa53a18d291a0bb69aed
  outs:
    - path: training/UD_Akkadian/model-best
      md5: d4e516b4b55695c8a1fc9dff95b21581
  spacy_version: 3.4.4
  spacy_git_version: 77833bfef
package:
  cmd: python -m spacy run package
  script:
    - python -m spacy package  training/UD_Akkadian/model-best packages  --name AkkParser_Norm_1_2_5_8_9_10_13_15_16_17_18_19_21_anzu_barutu_rinap4_tcmaassur  --version
      0.0.0 --force
  deps:
    - path: training/UD_Akkadian/model-best
      md5: d4e516b4b55695c8a1fc9dff95b21581
  outs:
    - path: packages/ak_AkkParser_Norm_1_2_5_8_9_10_13_15_16_17_18_19_21_anzu_barutu_rinap4_tcmaassur-0.0.0/dist/en_AkkParser_Norm_1_2_5_8_9_10_13_15_16_17_18_19_21_anzu_barutu_rinap4_tcmaassur-0.0.0.tar.gz
      md5: null
  spacy_version: 3.4.4
  spacy_git_version: 77833bfef
clean:
  cmd: python -m spacy run clean
  script:
    - rm -rf training/*
    - rm -rf metrics/*
    - rm -rf corpus/*
  deps: []
  outs: []
  spacy_version: 3.4.1
  spacy_git_version: 5c2a00cef
evaluate:
  cmd: python -m spacy run evaluate
  script:
    - python -m spacy evaluate  ./training/UD_Akkadian/model-best  ./corpus/UD_Akkadian/test  --output
      ./metrics/UD_Akkadian.json  --gpu-id -1
  deps:
    - path: training/UD_Akkadian/model-best
      md5: d4e516b4b55695c8a1fc9dff95b21581
    - path: corpus/UD_Akkadian/test
      md5: 4c9bc32e0e9e7c66214fdfed70233d32
  outs:
    - path: metrics/UD_Akkadian.json
      md5: a93bb04834a19239a11be9550a1d8c15
  spacy_version: 3.4.4
  spacy_git_version: 77833bfef
