preprocess:
  cmd: python -m spacy run preprocess
  script:
    - mkdir -p corpus/UD_Akkadian_saa01
    - python -m spacy convert assets/UD_Akkadian_saa01/train  corpus/UD_Akkadian_saa01/train
      --n-sents 4 --converter conllu --merge-subtokens
    - python -m spacy convert  assets/UD_Akkadian_saa01/dev corpus/UD_Akkadian_saa01/dev
      --n-sents 4 --converter conllu --merge-subtokens
    - python -m spacy convert  assets/UD_Akkadian_saa01/test corpus/UD_Akkadian_saa01/test
      --n-sents 4 --converter conllu --merge-subtokens
  deps:
    - path: assets/UD_Akkadian_saa01/train
      md5: 859cec5c2bb75536c6c0e242a4593e8d
    - path: assets/UD_Akkadian_saa01/dev
      md5: d7db5c6623bc4fe84a4e28a44a457778
    - path: assets/UD_Akkadian_saa01/test
      md5: 3a7c60874241d166ce91204db5f4cfc7
  outs:
    - path: corpus/UD_Akkadian_saa01/train
      md5: 0acf237f54d61f3223734f941fa9097b
    - path: corpus/UD_Akkadian_saa01/dev
      md5: 1038fd3cabdd4db4abebc7110c0324b9
    - path: corpus/UD_Akkadian_saa01/test
      md5: ac9baca309cd6a1aea0db8ea7557412a
  spacy_version: 3.4.1
  spacy_git_version: 5c2a00cef
train:
  cmd: python -m spacy run train
  script:
    - python -m spacy train  configs/combined_lemmatizers_suff.cfg --output training/UD_Akkadian_saa01
      --gpu-id -1  --paths.train corpus/UD_Akkadian_saa01/train  --paths.dev corpus/UD_Akkadian_saa01/dev  --nlp.lang=ak
  deps:
    - path: corpus/UD_Akkadian_saa01/train
      md5: 2d98acbe40c9d4f19a11054d38cd24a8
    - path: corpus/UD_Akkadian_saa01/dev
      md5: 607f83164aed8de0eb589a2519c36675
    - path: configs/combined_lemmatizers_suff.cfg
      md5: b8cbed6b019c38bc5c8eb66a687e8638
  outs:
    - path: training/UD_Akkadian_saa01/model-best
      md5: a45ca60be215e03cd87294b120eb76a2
  spacy_version: 3.4.4
  spacy_git_version: 77833bfef
package:
  cmd: python -m spacy run package
  script:
    - python -m spacy package  training/UD_Akkadian_saa01/model-best packages  --name
      ud_akk_combined_lemmatizers_saa_1_2_15_15_anzu_barutu  --version 0.0.0 --force
  deps:
    - path: training/UD_Akkadian_saa01/model-best
      md5: a45ca60be215e03cd87294b120eb76a2
  outs:
    - path: packages/ak_ud_akk_combined_lemmatizers_saa_1_2_15_15_anzu_barutu-0.0.0/dist/en_ud_akk_combined_lemmatizers_saa_1_2_15_15_anzu_barutu-0.0.0.tar.gz
      md5: null
  spacy_version: 3.4.4
  spacy_git_version: 77833bfef
clean:
  cmd: python -m spacy run clean
  script:
    - rm -rf training/*
    - rm -rf metrics/*
    - rm -rf corpus/*
  deps: []
  outs: []
  spacy_version: 3.4.1
  spacy_git_version: 5c2a00cef
evaluate:
  cmd: python -m spacy run evaluate
  script:
    - python -m spacy evaluate  ./training/UD_Akkadian_saa01/model-best  ./corpus/UD_Akkadian_saa01/test  --output
      ./metrics/UD_Akkadian_saa01.json  --gpu-id -1
  deps:
    - path: training/UD_Akkadian_saa01/model-best
      md5: a45ca60be215e03cd87294b120eb76a2
    - path: corpus/UD_Akkadian_saa01/test
      md5: 4bd033327c9926a54633f5f746262300
  outs:
    - path: metrics/UD_Akkadian_saa01.json
      md5: d39535b59ee483f71f95a3fac2b58be2
  spacy_version: 3.4.4
  spacy_git_version: 77833bfef
